
Microsoft Visual Studio Solution File, Format Version 12.00
# Visual Studio Version 17
VisualStudioVersion = 17.9.34607.119
MinimumVisualStudioVersion = 10.0.40219.1
Project("{FAE04EC0-301F-11D3-BF4B-00C04F79EFBC}") = "ListaEnlazadaProyecto", "ListaEnlazadaProyecto\ListaEnlazadaProyecto.csproj", "{57D4E483-1D66-4235-8E14-DB56551EDCA8}"
EndProject
Project("{FAE04EC0-301F-11D3-BF4B-00C04F79EFBC}") = "Proyecto1Form", "Proyecto1Form\Proyecto1Form.csproj", "{1A8F024B-ED3F-41AE-89F7-73D15662F174}"
EndProject
Global
	GlobalSection(SolutionConfigurationPlatforms) = preSolution
		Debug|Any CPU = Debug|Any CPU
		Release|Any CPU = Release|Any CPU
	EndGlobalSection
	GlobalSection(ProjectConfigurationPlatforms) = postSolution
		{57D4E483-1D66-4235-8E14-DB56551EDCA8}.Debug|Any CPU.ActiveCfg = Debug|Any CPU
		{57D4E483-1D66-4235-8E14-DB56551EDCA8}.Debug|Any CPU.Build.0 = Debug|Any CPU
		{57D4E483-1D66-4235-8E14-DB56551EDCA8}.Release|Any CPU.ActiveCfg = Release|Any CPU
		{57D4E483-1D66-4235-8E14-DB56551EDCA8}.Release|Any CPU.Build.0 = Release|Any CPU
		{1A8F024B-ED3F-41AE-89F7-73D15662F174}.Debug|Any CPU.ActiveCfg = Debug|Any CPU
		{1A8F024B-ED3F-41AE-89F7-73D15662F174}.Debug|Any CPU.Build.0 = Debug|Any CPU
		{1A8F024B-ED3F-41AE-89F7-73D15662F174}.Release|Any CPU.ActiveCfg = Release|Any CPU
		{1A8F024B-ED3F-41AE-89F7-73D15662F174}.Release|Any CPU.Build.0 = Release|Any CPU
	EndGlobalSection
	GlobalSection(SolutionProperties) = preSolution
		HideSolutionNode = FALSE
	EndGlobalSection
	GlobalSection(ExtensibilityGlobals) = postSolution
		SolutionGuid = {7C4505C7-6038-4898-8E40-1F2AE1A89D5E}
	EndGlobalSection
EndGlobal
